<?xml version="1.0" encoding="utf-8"?>
<Project ToolsVersion="4.0" xmlns="http://schemas.microsoft.com/developer/msbuild/2003">
  <ItemGroup>
    <Filter Include="Source">
      <UniqueIdentifier>{c3538f37-65b4-42d5-a197-9666a0c8866f}</UniqueIdentifier>
    </Filter>
    <Filter Include="Header">
      <UniqueIdentifier>{ea8ef94d-bc39-46db-af15-f41f71394425}</UniqueIdentifier>
    </Filter>
  </ItemGroup>
  <ItemGroup>
    <ClInclude Include="Header\Bullet.h">
      <Filter>Header</Filter>
    </ClInclude>
    <ClInclude Include="Header\Button.h">
      <Filter>Header</Filter>
    </ClInclude>
    <ClInclude Include="Header\CheckBox.h">
      <Filter>Header</Filter>
    </ClInclude>
    <ClInclude Include="Header\EndGameScreen.h">
      <Filter>Header</Filter>
    </ClInclude>
    <ClInclude Include="Header\Game.h">
      <Filter>Header</Filter>
    </ClInclude>
    <ClInclude Include="Header\GUI.h">
      <Filter>Header</Filter>
    </ClInclude>
    <ClInclude Include="Header\KeyHandler.h">
      <Filter>Header</Filter>
    </ClInclude>
    <ClInclude Include="Header\Label.h">
      <Filter>Header</Filter>
    </ClInclude>
    <ClInclude Include="Header\LevelLoader.h">
      <Filter>Header</Filter>
    </ClInclude>
    <ClInclude Include="Header\MainMenuScreen.h">
      <Filter>Header</Filter>
    </ClInclude>
    <ClInclude Include="Header\Platform.h">
      <Filter>Header</Filter>
    </ClInclude>
    <ClInclude Include="Header\Player.h">
      <Filter>Header</Filter>
    </ClInclude>
    <ClInclude Include="Header\RadioButton.h">
      <Filter>Header</Filter>
    </ClInclude>
    <ClInclude Include="Header\Slider.h">
      <Filter>Header</Filter>
    </ClInclude>
    <ClInclude Include="Header\splashscreen.h">
      <Filter>Header</Filter>
    </ClInclude>
    <ClInclude Include="Header\Titlescreen.h">
      <Filter>Header</Filter>
    </ClInclude>
    <ClInclude Include="Header\Widget.h">
      <Filter>Header</Filter>
    </ClInclude>
    <ClInclude Include="Header\WorldSelectScreen.h">
      <Filter>Header</Filter>
    </ClInclude>
    <ClInclude Include="Header\Gameplay.h">
      <Filter>Header</Filter>
    </ClInclude>
  </ItemGroup>
  <ItemGroup>
    <ClCompile Include="Header\MainMenuScreen.cpp">
      <Filter>Header</Filter>
    </ClCompile>
    <ClCompile Include="Source\Bullet.cpp">
      <Filter>Source</Filter>
    </ClCompile>
    <ClCompile Include="Source\Button.cpp">
      <Filter>Source</Filter>
    </ClCompile>
    <ClCompile Include="Source\CheckBox.cpp">
      <Filter>Source</Filter>
    </ClCompile>
    <ClCompile Include="Source\EndGameScreen.cpp">
      <Filter>Source</Filter>
    </ClCompile>
    <ClCompile Include="Source\Game.cpp">
      <Filter>Source</Filter>
    </ClCompile>
    <ClCompile Include="Source\GUI.cpp">
      <Filter>Source</Filter>
    </ClCompile>
    <ClCompile Include="Source\KeyHandler.cpp">
      <Filter>Source</Filter>
    </ClCompile>
    <ClCompile Include="Source\Label.cpp">
      <Filter>Source</Filter>
    </ClCompile>
    <ClCompile Include="Source\LevelLoader.cpp">
      <Filter>Source</Filter>
    </ClCompile>
    <ClCompile Include="Source\main.cpp">
      <Filter>Source</Filter>
    </ClCompile>
    <ClCompile Include="Source\Platform.cpp">
      <Filter>Source</Filter>
    </ClCompile>
    <ClCompile Include="Source\Player.cpp">
      <Filter>Source</Filter>
    </ClCompile>
    <ClCompile Include="Source\RadioButton.cpp">
      <Filter>Source</Filter>
    </ClCompile>
    <ClCompile Include="Source\Slider.cpp">
      <Filter>Source</Filter>
    </ClCompile>
    <ClCompile Include="Source\SplashScreen.cpp">
      <Filter>Source</Filter>
    </ClCompile>
    <ClCompile Include="Source\Titlescreen.cpp">
      <Filter>Source</Filter>
    </ClCompile>
    <ClCompile Include="Source\Widget.cpp">
      <Filter>Source</Filter>
    </ClCompile>
    <ClCompile Include="Source\WorldSelectScreen.cpp">
      <Filter>Source</Filter>
    </ClCompile>
    <ClCompile Include="Source\Gameplay.cpp">
      <Filter>Source</Filter>
    </ClCompile>
  </ItemGroup>
</Project>