<?xml version="1.0" encoding="utf-8"?>
<Project ToolsVersion="4.0" xmlns="http://schemas.microsoft.com/developer/msbuild/2003">
  <ItemGroup>
    <ClCompile Include="Ai.cpp" />
    <ClCompile Include="Game.cpp" />
    <ClCompile Include="Grid.cpp" />
    <ClCompile Include="Hud.cpp" />
    <ClCompile Include="main.cpp" />
    <ClCompile Include="Player.cpp" />
    <ClCompile Include="ScorePickup.cpp" />
    <ClCompile Include="Tile.cpp" />
  </ItemGroup>
  <ItemGroup>
    <ClInclude Include="Ai.h" />
    <ClInclude Include="Game.h" />
    <ClInclude Include="Grid.h" />
    <ClInclude Include="ScorePickup.h" />
    <ClInclude Include="Tile.h" />
    <ClInclude Include="Player.h" />
    <ClInclude Include="Hud.h" />
    <ClInclude Include="semaphore.h" />
    <ClInclude Include="ThreadPool.h" />
    <ClInclude Include="SafeQueue.h" />
  </ItemGroup>
</Project>